
Microsoft Visual Studio Solution File, Format Version 12.00
# Visual Studio Version 16
VisualStudioVersion = 25.0.1700.0
MinimumVisualStudioVersion = 10.0.40219.1
Project("{FAE04EC0-301F-11D3-BF4B-00C04F79EFBC}") = "GeekCafe.Core.EF.KeyStorage", "GeekCafe.Core.EF.KeyStorage\GeekCafe.Core.EF.KeyStorage.csproj", "{C0ECC4A2-E21E-4980-8375-D0AAAF2418E7}"
EndProject
Project("{FAE04EC0-301F-11D3-BF4B-00C04F79EFBC}") = "GeekCafe.Core.EF.KeyStorage.MySql", "GeekCafe.Core.EF.KeyStorage.MySql\GeekCafe.Core.EF.KeyStorage.MySql.csproj", "{05936DFC-081F-4B11-8F58-6FB1175F1151}"
EndProject
Global
	GlobalSection(SolutionConfigurationPlatforms) = preSolution
		Debug|Any CPU = Debug|Any CPU
		Release|Any CPU = Release|Any CPU
	EndGlobalSection
	GlobalSection(ProjectConfigurationPlatforms) = postSolution
		{C0ECC4A2-E21E-4980-8375-D0AAAF2418E7}.Debug|Any CPU.ActiveCfg = Debug|Any CPU
		{C0ECC4A2-E21E-4980-8375-D0AAAF2418E7}.Debug|Any CPU.Build.0 = Debug|Any CPU
		{C0ECC4A2-E21E-4980-8375-D0AAAF2418E7}.Release|Any CPU.ActiveCfg = Release|Any CPU
		{C0ECC4A2-E21E-4980-8375-D0AAAF2418E7}.Release|Any CPU.Build.0 = Release|Any CPU
		{05936DFC-081F-4B11-8F58-6FB1175F1151}.Debug|Any CPU.ActiveCfg = Debug|Any CPU
		{05936DFC-081F-4B11-8F58-6FB1175F1151}.Debug|Any CPU.Build.0 = Debug|Any CPU
		{05936DFC-081F-4B11-8F58-6FB1175F1151}.Release|Any CPU.ActiveCfg = Release|Any CPU
		{05936DFC-081F-4B11-8F58-6FB1175F1151}.Release|Any CPU.Build.0 = Release|Any CPU
	EndGlobalSection
	GlobalSection(SolutionProperties) = preSolution
		HideSolutionNode = FALSE
	EndGlobalSection
	GlobalSection(ExtensibilityGlobals) = postSolution
		SolutionGuid = {FADB5351-7771-4903-81E9-8CD2A37BA675}
	EndGlobalSection
EndGlobal
